
Microsoft Visual Studio Solution File, Format Version 12.00
# Visual Studio 2013
VisualStudioVersion = 12.0.30723.0
MinimumVisualStudioVersion = 10.0.40219.1
Project("{FAE04EC0-301F-11D3-BF4B-00C04F79EFBC}") = "MusicStore.BE", "MusicStore.BE\MusicStore.BE.csproj", "{247212DE-0250-462F-82F2-A8E90EA42F4F}"
EndProject
Project("{FAE04EC0-301F-11D3-BF4B-00C04F79EFBC}") = "MusicStore.BC", "MusicStore.BC\MusicStore.BC.csproj", "{639DF584-E4A6-40EB-9A95-7EBA6A0B12E2}"
EndProject
Project("{FAE04EC0-301F-11D3-BF4B-00C04F79EFBC}") = "MusicStore.DA", "MusicStore.DA\MusicStore.DA.csproj", "{18DD0D13-7F37-4B39-A202-C392DDCDB705}"
EndProject
Project("{FAE04EC0-301F-11D3-BF4B-00C04F79EFBC}") = "MusicStore.MVC", "MusicStore.MVC\MusicStore.MVC.csproj", "{35F5E7B5-12A0-4EE2-9A8F-2A9145B6993B}"
EndProject
Global
	GlobalSection(SolutionConfigurationPlatforms) = preSolution
		Debug|Any CPU = Debug|Any CPU
		Release|Any CPU = Release|Any CPU
	EndGlobalSection
	GlobalSection(ProjectConfigurationPlatforms) = postSolution
		{247212DE-0250-462F-82F2-A8E90EA42F4F}.Debug|Any CPU.ActiveCfg = Debug|Any CPU
		{247212DE-0250-462F-82F2-A8E90EA42F4F}.Debug|Any CPU.Build.0 = Debug|Any CPU
		{247212DE-0250-462F-82F2-A8E90EA42F4F}.Release|Any CPU.ActiveCfg = Release|Any CPU
		{247212DE-0250-462F-82F2-A8E90EA42F4F}.Release|Any CPU.Build.0 = Release|Any CPU
		{639DF584-E4A6-40EB-9A95-7EBA6A0B12E2}.Debug|Any CPU.ActiveCfg = Debug|Any CPU
		{639DF584-E4A6-40EB-9A95-7EBA6A0B12E2}.Debug|Any CPU.Build.0 = Debug|Any CPU
		{639DF584-E4A6-40EB-9A95-7EBA6A0B12E2}.Release|Any CPU.ActiveCfg = Release|Any CPU
		{639DF584-E4A6-40EB-9A95-7EBA6A0B12E2}.Release|Any CPU.Build.0 = Release|Any CPU
		{18DD0D13-7F37-4B39-A202-C392DDCDB705}.Debug|Any CPU.ActiveCfg = Debug|Any CPU
		{18DD0D13-7F37-4B39-A202-C392DDCDB705}.Debug|Any CPU.Build.0 = Debug|Any CPU
		{18DD0D13-7F37-4B39-A202-C392DDCDB705}.Release|Any CPU.ActiveCfg = Release|Any CPU
		{18DD0D13-7F37-4B39-A202-C392DDCDB705}.Release|Any CPU.Build.0 = Release|Any CPU
		{35F5E7B5-12A0-4EE2-9A8F-2A9145B6993B}.Debug|Any CPU.ActiveCfg = Debug|Any CPU
		{35F5E7B5-12A0-4EE2-9A8F-2A9145B6993B}.Debug|Any CPU.Build.0 = Debug|Any CPU
		{35F5E7B5-12A0-4EE2-9A8F-2A9145B6993B}.Release|Any CPU.ActiveCfg = Release|Any CPU
		{35F5E7B5-12A0-4EE2-9A8F-2A9145B6993B}.Release|Any CPU.Build.0 = Release|Any CPU
	EndGlobalSection
	GlobalSection(SolutionProperties) = preSolution
		HideSolutionNode = FALSE
	EndGlobalSection
EndGlobal
